
Microsoft Visual Studio Solution File, Format Version 12.00
# Visual Studio Version 17
VisualStudioVersion = 17.5.33424.131
MinimumVisualStudioVersion = 10.0.40219.1
Project("{FAE04EC0-301F-11D3-BF4B-00C04F79EFBC}") = "WorkoutTrackerApp", "WorkoutTrackerApp\WorkoutTrackerApp.csproj", "{ADE0A357-4B04-4F11-B275-F65BE9CA59EC}"
EndProject
Project("{FAE04EC0-301F-11D3-BF4B-00C04F79EFBC}") = "DataManagement", "DataManagement\DataManagement.csproj", "{70FBC56C-24C3-4659-AB76-7934B2A96D7F}"
EndProject
Project("{FAE04EC0-301F-11D3-BF4B-00C04F79EFBC}") = "WorkoutTracker.Tests", "WorkoutTracker.Tests\WorkoutTracker.Tests.csproj", "{726DBED8-1B86-453B-87D6-2B9AB23331E5}"
EndProject
Global
	GlobalSection(SolutionConfigurationPlatforms) = preSolution
		Debug|Any CPU = Debug|Any CPU
		Release|Any CPU = Release|Any CPU
	EndGlobalSection
	GlobalSection(ProjectConfigurationPlatforms) = postSolution
		{ADE0A357-4B04-4F11-B275-F65BE9CA59EC}.Debug|Any CPU.ActiveCfg = Debug|Any CPU
		{ADE0A357-4B04-4F11-B275-F65BE9CA59EC}.Debug|Any CPU.Build.0 = Debug|Any CPU
		{ADE0A357-4B04-4F11-B275-F65BE9CA59EC}.Release|Any CPU.ActiveCfg = Release|Any CPU
		{ADE0A357-4B04-4F11-B275-F65BE9CA59EC}.Release|Any CPU.Build.0 = Release|Any CPU
		{70FBC56C-24C3-4659-AB76-7934B2A96D7F}.Debug|Any CPU.ActiveCfg = Debug|Any CPU
		{70FBC56C-24C3-4659-AB76-7934B2A96D7F}.Debug|Any CPU.Build.0 = Debug|Any CPU
		{70FBC56C-24C3-4659-AB76-7934B2A96D7F}.Release|Any CPU.ActiveCfg = Release|Any CPU
		{70FBC56C-24C3-4659-AB76-7934B2A96D7F}.Release|Any CPU.Build.0 = Release|Any CPU
		{726DBED8-1B86-453B-87D6-2B9AB23331E5}.Debug|Any CPU.ActiveCfg = Debug|Any CPU
		{726DBED8-1B86-453B-87D6-2B9AB23331E5}.Debug|Any CPU.Build.0 = Debug|Any CPU
		{726DBED8-1B86-453B-87D6-2B9AB23331E5}.Release|Any CPU.ActiveCfg = Release|Any CPU
		{726DBED8-1B86-453B-87D6-2B9AB23331E5}.Release|Any CPU.Build.0 = Release|Any CPU
	EndGlobalSection
	GlobalSection(SolutionProperties) = preSolution
		HideSolutionNode = FALSE
	EndGlobalSection
	GlobalSection(ExtensibilityGlobals) = postSolution
		SolutionGuid = {C133AE11-B67F-49A7-928C-DA4FA9CE1234}
	EndGlobalSection
EndGlobal
